
Microsoft Visual Studio Solution File, Format Version 12.00
# Visual Studio 15
VisualStudioVersion = 15.0.26124.0
MinimumVisualStudioVersion = 15.0.26124.0
Project("{FAE04EC0-301F-11D3-BF4B-00C04F79EFBC}") = "currency", "src\currency.csproj", "{B2EF318C-C87E-46D1-8F9D-8B6BE0AE0F53}"
EndProject
Project("{FAE04EC0-301F-11D3-BF4B-00C04F79EFBC}") = "currency-test", "test\currency-test.csproj", "{949EE3FA-559C-40C3-91BB-8690F43D799D}"
EndProject
Global
	GlobalSection(SolutionConfigurationPlatforms) = preSolution
		Debug|Any CPU = Debug|Any CPU
		Debug|x64 = Debug|x64
		Debug|x86 = Debug|x86
		Release|Any CPU = Release|Any CPU
		Release|x64 = Release|x64
		Release|x86 = Release|x86
	EndGlobalSection
	GlobalSection(SolutionProperties) = preSolution
		HideSolutionNode = FALSE
	EndGlobalSection
	GlobalSection(ProjectConfigurationPlatforms) = postSolution
		{B2EF318C-C87E-46D1-8F9D-8B6BE0AE0F53}.Debug|Any CPU.ActiveCfg = Debug|Any CPU
		{B2EF318C-C87E-46D1-8F9D-8B6BE0AE0F53}.Debug|Any CPU.Build.0 = Debug|Any CPU
		{B2EF318C-C87E-46D1-8F9D-8B6BE0AE0F53}.Debug|x64.ActiveCfg = Debug|x64
		{B2EF318C-C87E-46D1-8F9D-8B6BE0AE0F53}.Debug|x64.Build.0 = Debug|x64
		{B2EF318C-C87E-46D1-8F9D-8B6BE0AE0F53}.Debug|x86.ActiveCfg = Debug|x86
		{B2EF318C-C87E-46D1-8F9D-8B6BE0AE0F53}.Debug|x86.Build.0 = Debug|x86
		{B2EF318C-C87E-46D1-8F9D-8B6BE0AE0F53}.Release|Any CPU.ActiveCfg = Release|Any CPU
		{B2EF318C-C87E-46D1-8F9D-8B6BE0AE0F53}.Release|Any CPU.Build.0 = Release|Any CPU
		{B2EF318C-C87E-46D1-8F9D-8B6BE0AE0F53}.Release|x64.ActiveCfg = Release|x64
		{B2EF318C-C87E-46D1-8F9D-8B6BE0AE0F53}.Release|x64.Build.0 = Release|x64
		{B2EF318C-C87E-46D1-8F9D-8B6BE0AE0F53}.Release|x86.ActiveCfg = Release|x86
		{B2EF318C-C87E-46D1-8F9D-8B6BE0AE0F53}.Release|x86.Build.0 = Release|x86
		{949EE3FA-559C-40C3-91BB-8690F43D799D}.Debug|Any CPU.ActiveCfg = Debug|Any CPU
		{949EE3FA-559C-40C3-91BB-8690F43D799D}.Debug|Any CPU.Build.0 = Debug|Any CPU
		{949EE3FA-559C-40C3-91BB-8690F43D799D}.Debug|x64.ActiveCfg = Debug|x64
		{949EE3FA-559C-40C3-91BB-8690F43D799D}.Debug|x64.Build.0 = Debug|x64
		{949EE3FA-559C-40C3-91BB-8690F43D799D}.Debug|x86.ActiveCfg = Debug|x86
		{949EE3FA-559C-40C3-91BB-8690F43D799D}.Debug|x86.Build.0 = Debug|x86
		{949EE3FA-559C-40C3-91BB-8690F43D799D}.Release|Any CPU.ActiveCfg = Release|Any CPU
		{949EE3FA-559C-40C3-91BB-8690F43D799D}.Release|Any CPU.Build.0 = Release|Any CPU
		{949EE3FA-559C-40C3-91BB-8690F43D799D}.Release|x64.ActiveCfg = Release|x64
		{949EE3FA-559C-40C3-91BB-8690F43D799D}.Release|x64.Build.0 = Release|x64
		{949EE3FA-559C-40C3-91BB-8690F43D799D}.Release|x86.ActiveCfg = Release|x86
		{949EE3FA-559C-40C3-91BB-8690F43D799D}.Release|x86.Build.0 = Release|x86
	EndGlobalSection
EndGlobal
